
Microsoft Visual Studio Solution File, Format Version 12.00
# Visual Studio 15
VisualStudioVersion = 15.0.27703.2018
MinimumVisualStudioVersion = 10.0.40219.1
Project("{8BC9CEB8-8B4A-11D0-8D11-00A0C91BC942}") = "Connect 4", "Connect 4.vcxproj", "{5343900C-6BE1-4631-931A-633BD0A29274}"
EndProject
Global
	GlobalSection(SolutionConfigurationPlatforms) = preSolution
		Debug|x64 = Debug|x64
		Debug|x86 = Debug|x86
		Release|x64 = Release|x64
		Release|x86 = Release|x86
	EndGlobalSection
	GlobalSection(ProjectConfigurationPlatforms) = postSolution
		{5343900C-6BE1-4631-931A-633BD0A29274}.Debug|x64.ActiveCfg = Debug|x64
		{5343900C-6BE1-4631-931A-633BD0A29274}.Debug|x64.Build.0 = Debug|x64
		{5343900C-6BE1-4631-931A-633BD0A29274}.Debug|x86.ActiveCfg = Debug|Win32
		{5343900C-6BE1-4631-931A-633BD0A29274}.Debug|x86.Build.0 = Debug|Win32
		{5343900C-6BE1-4631-931A-633BD0A29274}.Release|x64.ActiveCfg = Release|x64
		{5343900C-6BE1-4631-931A-633BD0A29274}.Release|x64.Build.0 = Release|x64
		{5343900C-6BE1-4631-931A-633BD0A29274}.Release|x86.ActiveCfg = Release|Win32
		{5343900C-6BE1-4631-931A-633BD0A29274}.Release|x86.Build.0 = Release|Win32
	EndGlobalSection
	GlobalSection(SolutionProperties) = preSolution
		HideSolutionNode = FALSE
	EndGlobalSection
	GlobalSection(ExtensibilityGlobals) = postSolution
		SolutionGuid = {7596C9B4-8B3F-49DC-A014-D32EE8990EFE}
	EndGlobalSection
EndGlobal
